// !$*UTF8*$!
{
	archiveVersion = 1;
	classes = {
	};
	objectVersion = 46;
	objects = {

/* Begin PBXBuildFile section */
		6BCACA0B19CFD7FB000EC91B /* SHOoneSDK.h in CopyFiles */ = {isa = PBXBuildFile; fileRef = 6BCACA0A19CFD7FB000EC91B /* SHOoneSDK.h */; };
		6BCACA0D19CFD7FB000EC91B /* SHOoneSDK.m in Sources */ = {isa = PBXBuildFile; fileRef = 6BCACA0C19CFD7FB000EC91B /* SHOoneSDK.m */; };
/* End PBXBuildFile section */

/* Begin PBXCopyFilesBuildPhase section */
		6BCACA0519CFD7FB000EC91B /* CopyFiles */ = {
			isa = PBXCopyFilesBuildPhase;
			buildActionMask = 2147483647;
			dstPath = include;
			dstSubfolderSpec = 16;
			files = (
				6BCACA0B19CFD7FB000EC91B /* SHOoneSDK.h in CopyFiles */,
			);
			runOnlyForDeploymentPostprocessing = 0;
		};
/* End PBXCopyFilesBuildPhase section */

/* Begin PBXFileReference section */
		6BCACA0719CFD7FB000EC91B /* libSHOoneSDK.a */ = {isa = PBXFileReference; explicitFileType = archive.ar; includeInIndex = 0; path = libSHOoneSDK.a; sourceTree = BUILT_PRODUCTS_DIR; };
		6BCACA0A19CFD7FB000EC91B /* SHOoneSDK.h */ = {isa = PBXFileReference; lastKnownFileType = sourcecode.c.h; path = SHOoneSDK.h; sourceTree = "<group>"; };
		6BCACA0C19CFD7FB000EC91B /* SHOoneSDK.m */ = {isa = PBXFileReference; lastKnownFileType = sourcecode.c.objc; path = SHOoneSDK.m; sourceTree = "<group>"; };
		6BCACA1219CFD7FC000EC91B /* SHOoneSDKTests.xctest */ = {isa = PBXFileReference; explicitFileType = wrapper.cfbundle; includeInIndex = 0; path = SHOoneSDKTests.xctest; sourceTree = BUILT_PRODUCTS_DIR; };
		6BCACA1519CFD7FC000EC91B /* Info.plist */ = {isa = PBXFileReference; lastKnownFileType = text.plist.xml; path = Info.plist; sourceTree = "<group>"; };
/* End PBXFileReference section */

/* Begin PBXFrameworksBuildPhase section */
		6BCACA0419CFD7FB000EC91B /* Frameworks */ = {
			isa = PBXFrameworksBuildPhase;
			buildActionMask = 2147483647;
			files = (
			);
			runOnlyForDeploymentPostprocessing = 0;
		};
		6BCACA0F19CFD7FC000EC91B /* Frameworks */ = {
			isa = PBXFrameworksBuildPhase;
			buildActionMask = 2147483647;
			files = (
			);
			runOnlyForDeploymentPostprocessing = 0;
		};
/* End PBXFrameworksBuildPhase section */

/* Begin PBXGroup section */
		6BCAC9FE19CFD7FB000EC91B = {
			isa = PBXGroup;
			children = (
				6BCACA0919CFD7FB000EC91B /* SHOoneSDK */,
				6BCACA1319CFD7FC000EC91B /* SHOoneSDKTests */,
				6BCACA0819CFD7FB000EC91B /* Products */,
			);
			sourceTree = "<group>";
		};
		6BCACA0819CFD7FB000EC91B /* Products */ = {
			isa = PBXGroup;
			children = (
				6BCACA0719CFD7FB000EC91B /* libSHOoneSDK.a */,
				6BCACA1219CFD7FC000EC91B /* SHOoneSDKTests.xctest */,
			);
			name = Products;
			sourceTree = "<group>";
		};
		6BCACA0919CFD7FB000EC91B /* SHOoneSDK */ = {
			isa = PBXGroup;
			children = (
				6BCACA0A19CFD7FB000EC91B /* SHOoneSDK.h */,
				6BCACA0C19CFD7FB000EC91B /* SHOoneSDK.m */,
			);
			path = SHOoneSDK;
			sourceTree = "<group>";
		};
		6BCACA1319CFD7FC000EC91B /* SHOoneSDKTests */ = {
			isa = PBXGroup;
			children = (
				6BCACA1419CFD7FC000EC91B /* Supporting Files */,
			);
			path = SHOoneSDKTests;
			sourceTree = "<group>";
		};
		6BCACA1419CFD7FC000EC91B /* Supporting Files */ = {
			isa = PBXGroup;
			children = (
				6BCACA1519CFD7FC000EC91B /* Info.plist */,
			);
			name = "Supporting Files";
			sourceTree = "<group>";
		};
/* End PBXGroup section */

/* Begin PBXNativeTarget section */
		6BCACA0619CFD7FB000EC91B /* SHOoneSDK */ = {
			isa = PBXNativeTarget;
			buildConfigurationList = 6BCACA1819CFD7FC000EC91B /* Build configuration list for PBXNativeTarget "SHOoneSDK" */;
			buildPhases = (
				6BCACA0319CFD7FB000EC91B /* Sources */,
				6BCACA0419CFD7FB000EC91B /* Frameworks */,
				6BCACA0519CFD7FB000EC91B /* CopyFiles */,
			);
			buildRules = (
			);
			dependencies = (
			);
			name = SHOoneSDK;
			productName = SHOoneSDK;
			productReference = 6BCACA0719CFD7FB000EC91B /* libSHOoneSDK.a */;
			productType = "com.apple.product-type.library.static";
		};
		6BCACA1119CFD7FC000EC91B /* SHOoneSDKTests */ = {
			isa = PBXNativeTarget;
			buildConfigurationList = 6BCACA1B19CFD7FC000EC91B /* Build configuration list for PBXNativeTarget "SHOoneSDKTests" */;
			buildPhases = (
				6BCACA0E19CFD7FC000EC91B /* Sources */,
				6BCACA0F19CFD7FC000EC91B /* Frameworks */,
				6BCACA1019CFD7FC000EC91B /* Resources */,
			);
			buildRules = (
			);
			dependencies = (
			);
			name = SHOoneSDKTests;
			productName = SHOoneSDKTests;
			productReference = 6BCACA1219CFD7FC000EC91B /* SHOoneSDKTests.xctest */;
			productType = "com.apple.product-type.bundle.unit-test";
		};
/* End PBXNativeTarget section */

/* Begin PBXProject section */
		6BCAC9FF19CFD7FB000EC91B /* Project object */ = {
			isa = PBXProject;
			attributes = {
				LastUpgradeCheck = 0600;
				ORGANIZATIONNAME = "马远征";
				TargetAttributes = {
					6BCACA0619CFD7FB000EC91B = {
						CreatedOnToolsVersion = 6.0.1;
					};
					6BCACA1119CFD7FC000EC91B = {
						CreatedOnToolsVersion = 6.0.1;
					};
				};
			};
			buildConfigurationList = 6BCACA0219CFD7FB000EC91B /* Build configuration list for PBXProject "SHOoneSDK" */;
			compatibilityVersion = "Xcode 3.2";
			developmentRegion = English;
			hasScannedForEncodings = 0;
			knownRegions = (
				en,
			);
			mainGroup = 6BCAC9FE19CFD7FB000EC91B;
			productRefGroup = 6BCACA0819CFD7FB000EC91B /* Products */;
			projectDirPath = "";
			projectRoot = "";
			targets = (
				6BCACA0619CFD7FB000EC91B /* SHOoneSDK */,
				6BCACA1119CFD7FC000EC91B /* SHOoneSDKTests */,
			);
		};
/* End PBXProject section */

/* Begin PBXResourcesBuildPhase section */
		6BCACA1019CFD7FC000EC91B /* Resources */ = {
			isa = PBXResourcesBuildPhase;
			buildActionMask = 2147483647;
			files = (
			);
			runOnlyForDeploymentPostprocessing = 0;
		};
/* End PBXResourcesBuildPhase section */

/* Begin PBXSourcesBuildPhase section */
		6BCACA0319CFD7FB000EC91B /* Sources */ = {
			isa = PBXSourcesBuildPhase;
			buildActionMask = 2147483647;
			files = (
				6BCACA0D19CFD7FB000EC91B /* SHOoneSDK.m in Sources */,
			);
			runOnlyForDeploymentPostprocessing = 0;
		};
		6BCACA0E19CFD7FC000EC91B /* Sources */ = {
			isa = PBXSourcesBuildPhase;
			buildActionMask = 2147483647;
			files = (
			);
			runOnlyForDeploymentPostprocessing = 0;
		};
/* End PBXSourcesBuildPhase section */

/* Begin XCBuildConfiguration section */
		6BCACA1619CFD7FC000EC91B /* Debug */ = {
			isa = XCBuildConfiguration;
			buildSettings = {
				ALWAYS_SEARCH_USER_PATHS = NO;
				CLANG_CXX_LANGUAGE_STANDARD = "gnu++0x";
				CLANG_CXX_LIBRARY = "libc++";
				CLANG_ENABLE_MODULES = YES;
				CLANG_ENABLE_OBJC_ARC = YES;
				CLANG_WARN_BOOL_CONVERSION = YES;
				CLANG_WARN_CONSTANT_CONVERSION = YES;
				CLANG_WARN_DIRECT_OBJC_ISA_USAGE = YES_ERROR;
				CLANG_WARN_EMPTY_BODY = YES;
				CLANG_WARN_ENUM_CONVERSION = YES;
				CLANG_WARN_INT_CONVERSION = YES;
				CLANG_WARN_OBJC_ROOT_CLASS = YES_ERROR;
				CLANG_WARN_UNREACHABLE_CODE = YES;
				CLANG_WARN__DUPLICATE_METHOD_MATCH = YES;
				COPY_PHASE_STRIP = NO;
				ENABLE_STRICT_OBJC_MSGSEND = YES;
				GCC_C_LANGUAGE_STANDARD = gnu99;
				GCC_DYNAMIC_NO_PIC = NO;
				GCC_OPTIMIZATION_LEVEL = 0;
				GCC_PREPROCESSOR_DEFINITIONS = (
					"DEBUG=1",
					"$(inherited)",
				);
				GCC_SYMBOLS_PRIVATE_EXTERN = NO;
				GCC_WARN_64_TO_32_BIT_CONVERSION = YES;
				GCC_WARN_ABOUT_RETURN_TYPE = YES_ERROR;
				GCC_WARN_UNDECLARED_SELECTOR = YES;
				GCC_WARN_UNINITIALIZED_AUTOS = YES_AGGRESSIVE;
				GCC_WARN_UNUSED_FUNCTION = YES;
				GCC_WARN_UNUSED_VARIABLE = YES;
				IPHONEOS_DEPLOYMENT_TARGET = 8.0;
				MTL_ENABLE_DEBUG_INFO = YES;
				ONLY_ACTIVE_ARCH = YES;
				SDKROOT = iphoneos;
			};
			name = Debug;
		};
		6BCACA1719CFD7FC000EC91B /* Release */ = {
			isa = XCBuildConfiguration;
			buildSettings = {
				ALWAYS_SEARCH_USER_PATHS = NO;
				CLANG_CXX_LANGUAGE_STANDARD = "gnu++0x";
				CLANG_CXX_LIBRARY = "libc++";
				CLANG_ENABLE_MODULES = YES;
				CLANG_ENABLE_OBJC_ARC = YES;
				CLANG_WARN_BOOL_CONVERSION = YES;
				CLANG_WARN_CONSTANT_CONVERSION = YES;
				CLANG_WARN_DIRECT_OBJC_ISA_USAGE = YES_ERROR;
				CLANG_WARN_EMPTY_BODY = YES;
				CLANG_WARN_ENUM_CONVERSION = YES;
				CLANG_WARN_INT_CONVERSION = YES;
				CLANG_WARN_OBJC_ROOT_CLASS = YES_ERROR;
				CLANG_WARN_UNREACHABLE_CODE = YES;
				CLANG_WARN__DUPLICATE_METHOD_MATCH = YES;
				COPY_PHASE_STRIP = YES;
				ENABLE_NS_ASSERTIONS = NO;
				ENABLE_STRICT_OBJC_MSGSEND = YES;
				GCC_C_LANGUAGE_STANDARD = gnu99;
				GCC_WARN_64_TO_32_BIT_CONVERSION = YES;
				GCC_WARN_ABOUT_RETURN_TYPE = YES_ERROR;
				GCC_WARN_UNDECLARED_SELECTOR = YES;
				GCC_WARN_UNINITIALIZED_AUTOS = YES_AGGRESSIVE;
				GCC_WARN_UNUSED_FUNCTION = YES;
				GCC_WARN_UNUSED_VARIABLE = YES;
				IPHONEOS_DEPLOYMENT_TARGET = 8.0;
				MTL_ENABLE_DEBUG_INFO = NO;
				SDKROOT = iphoneos;
				VALIDATE_PRODUCT = YES;
			};
			name = Release;
		};
		6BCACA1919CFD7FC000EC91B /* Debug */ = {
			isa = XCBuildConfiguration;
			buildSettings = {
				CONFIGURATION_BUILD_DIR = "../lib/$(CONFIGURATION)$(EFFECTIVE_PLATFORM_NAME)";
				IPHONEOS_DEPLOYMENT_TARGET = 6.0;
				OTHER_LDFLAGS = "-ObjC";
				PRODUCT_NAME = "$(TARGET_NAME)";
				SKIP_INSTALL = YES;
			};
			name = Debug;
		};
		6BCACA1A19CFD7FC000EC91B /* Release */ = {
			isa = XCBuildConfiguration;
			buildSettings = {
				CONFIGURATION_BUILD_DIR = "../lib/$(CONFIGURATION)$(EFFECTIVE_PLATFORM_NAME)";
				IPHONEOS_DEPLOYMENT_TARGET = 6.0;
				OTHER_LDFLAGS = "-ObjC";
				PRODUCT_NAME = "$(TARGET_NAME)";
				SKIP_INSTALL = YES;
			};
			name = Release;
		};
		6BCACA1C19CFD7FC000EC91B /* Debug */ = {
			isa = XCBuildConfiguration;
			buildSettings = {
				FRAMEWORK_SEARCH_PATHS = (
					"$(SDKROOT)/Developer/Library/Frameworks",
					"$(inherited)",
				);
				GCC_PREPROCESSOR_DEFINITIONS = (
					"DEBUG=1",
					"$(inherited)",
				);
				INFOPLIST_FILE = SHOoneSDKTests/Info.plist;
				LD_RUNPATH_SEARCH_PATHS = "$(inherited) @executable_path/Frameworks @loader_path/Frameworks";
				PRODUCT_NAME = "$(TARGET_NAME)";
			};
			name = Debug;
		};
		6BCACA1D19CFD7FC000EC91B /* Release */ = {
			isa = XCBuildConfiguration;
			buildSettings = {
				FRAMEWORK_SEARCH_PATHS = (
					"$(SDKROOT)/Developer/Library/Frameworks",
					"$(inherited)",
				);
				INFOPLIST_FILE = SHOoneSDKTests/Info.plist;
				LD_RUNPATH_SEARCH_PATHS = "$(inherited) @executable_path/Frameworks @loader_path/Frameworks";
				PRODUCT_NAME = "$(TARGET_NAME)";
			};
			name = Release;
		};
/* End XCBuildConfiguration section */

/* Begin XCConfigurationList section */
		6BCACA0219CFD7FB000EC91B /* Build configuration list for PBXProject "SHOoneSDK" */ = {
			isa = XCConfigurationList;
			buildConfigurations = (
				6BCACA1619CFD7FC000EC91B /* Debug */,
				6BCACA1719CFD7FC000EC91B /* Release */,
			);
			defaultConfigurationIsVisible = 0;
			defaultConfigurationName = Release;
		};
		6BCACA1819CFD7FC000EC91B /* Build configuration list for PBXNativeTarget "SHOoneSDK" */ = {
			isa = XCConfigurationList;
			buildConfigurations = (
				6BCACA1919CFD7FC000EC91B /* Debug */,
				6BCACA1A19CFD7FC000EC91B /* Release */,
			);
			defaultConfigurationIsVisible = 0;
		};
		6BCACA1B19CFD7FC000EC91B /* Build configuration list for PBXNativeTarget "SHOoneSDKTests" */ = {
			isa = XCConfigurationList;
			buildConfigurations = (
				6BCACA1C19CFD7FC000EC91B /* Debug */,
				6BCACA1D19CFD7FC000EC91B /* Release */,
			);
			defaultConfigurationIsVisible = 0;
		};
/* End XCConfigurationList section */
	};
	rootObject = 6BCAC9FF19CFD7FB000EC91B /* Project object */;
}
